// !$*UTF8*$!
{
	archiveVersion = 1;
	classes = {
	};
	objectVersion = 48;
	objects = {

/* Begin PBXBuildFile section */
		090469711FD73472000F326A /* AppDelegate.swift in Sources */ = {isa = PBXBuildFile; fileRef = 090469701FD73472000F326A /* AppDelegate.swift */; };
		090469731FD73472000F326A /* ViewController.swift in Sources */ = {isa = PBXBuildFile; fileRef = 090469721FD73472000F326A /* ViewController.swift */; };
		090469761FD73472000F326A /* Main.storyboard in Resources */ = {isa = PBXBuildFile; fileRef = 090469741FD73472000F326A /* Main.storyboard */; };
		090469781FD73472000F326A /* Assets.xcassets in Resources */ = {isa = PBXBuildFile; fileRef = 090469771FD73472000F326A /* Assets.xcassets */; };
		0904697B1FD73472000F326A /* LaunchScreen.storyboard in Resources */ = {isa = PBXBuildFile; fileRef = 090469791FD73472000F326A /* LaunchScreen.storyboard */; };
		090469861FD73473000F326A /* Million_Dollar_IdeaTests.swift in Sources */ = {isa = PBXBuildFile; fileRef = 090469851FD73473000F326A /* Million_Dollar_IdeaTests.swift */; };
		090469911FD73473000F326A /* Million_Dollar_IdeaUITests.swift in Sources */ = {isa = PBXBuildFile; fileRef = 090469901FD73473000F326A /* Million_Dollar_IdeaUITests.swift */; };
/* End PBXBuildFile section */

/* Begin PBXContainerItemProxy section */
		090469821FD73472000F326A /* PBXContainerItemProxy */ = {
			isa = PBXContainerItemProxy;
			containerPortal = 090469651FD73472000F326A /* Project object */;
			proxyType = 1;
			remoteGlobalIDString = 0904696C1FD73472000F326A;
			remoteInfo = "Million Dollar Idea";
		};
		0904698D1FD73473000F326A /* PBXContainerItemProxy */ = {
			isa = PBXContainerItemProxy;
			containerPortal = 090469651FD73472000F326A /* Project object */;
			proxyType = 1;
			remoteGlobalIDString = 0904696C1FD73472000F326A;
			remoteInfo = "Million Dollar Idea";
		};
/* End PBXContainerItemProxy section */

/* Begin PBXFileReference section */
		0904696D1FD73472000F326A /* Million Dollar Idea.app */ = {isa = PBXFileReference; explicitFileType = wrapper.application; includeInIndex = 0; path = "Million Dollar Idea.app"; sourceTree = BUILT_PRODUCTS_DIR; };
		090469701FD73472000F326A /* AppDelegate.swift */ = {isa = PBXFileReference; lastKnownFileType = sourcecode.swift; path = AppDelegate.swift; sourceTree = "<group>"; };
		090469721FD73472000F326A /* ViewController.swift */ = {isa = PBXFileReference; lastKnownFileType = sourcecode.swift; path = ViewController.swift; sourceTree = "<group>"; };
		090469751FD73472000F326A /* Base */ = {isa = PBXFileReference; lastKnownFileType = file.storyboard; name = Base; path = Base.lproj/Main.storyboard; sourceTree = "<group>"; };
		090469771FD73472000F326A /* Assets.xcassets */ = {isa = PBXFileReference; lastKnownFileType = folder.assetcatalog; path = Assets.xcassets; sourceTree = "<group>"; };
		0904697A1FD73472000F326A /* Base */ = {isa = PBXFileReference; lastKnownFileType = file.storyboard; name = Base; path = Base.lproj/LaunchScreen.storyboard; sourceTree = "<group>"; };
		0904697C1FD73472000F326A /* Info.plist */ = {isa = PBXFileReference; lastKnownFileType = text.plist.xml; path = Info.plist; sourceTree = "<group>"; };
		090469811FD73472000F326A /* Million Dollar IdeaTests.xctest */ = {isa = PBXFileReference; explicitFileType = wrapper.cfbundle; includeInIndex = 0; path = "Million Dollar IdeaTests.xctest"; sourceTree = BUILT_PRODUCTS_DIR; };
		090469851FD73473000F326A /* Million_Dollar_IdeaTests.swift */ = {isa = PBXFileReference; lastKnownFileType = sourcecode.swift; path = Million_Dollar_IdeaTests.swift; sourceTree = "<group>"; };
		090469871FD73473000F326A /* Info.plist */ = {isa = PBXFileReference; lastKnownFileType = text.plist.xml; path = Info.plist; sourceTree = "<group>"; };
		0904698C1FD73473000F326A /* Million Dollar IdeaUITests.xctest */ = {isa = PBXFileReference; explicitFileType = wrapper.cfbundle; includeInIndex = 0; path = "Million Dollar IdeaUITests.xctest"; sourceTree = BUILT_PRODUCTS_DIR; };
		090469901FD73473000F326A /* Million_Dollar_IdeaUITests.swift */ = {isa = PBXFileReference; lastKnownFileType = sourcecode.swift; path = Million_Dollar_IdeaUITests.swift; sourceTree = "<group>"; };
		090469921FD73473000F326A /* Info.plist */ = {isa = PBXFileReference; lastKnownFileType = text.plist.xml; path = Info.plist; sourceTree = "<group>"; };
/* End PBXFileReference section */

/* Begin PBXFrameworksBuildPhase section */
		0904696A1FD73472000F326A /* Frameworks */ = {
			isa = PBXFrameworksBuildPhase;
			buildActionMask = 2147483647;
			files = (
			);
			runOnlyForDeploymentPostprocessing = 0;
		};
		0904697E1FD73472000F326A /* Frameworks */ = {
			isa = PBXFrameworksBuildPhase;
			buildActionMask = 2147483647;
			files = (
			);
			runOnlyForDeploymentPostprocessing = 0;
		};
		090469891FD73473000F326A /* Frameworks */ = {
			isa = PBXFrameworksBuildPhase;
			buildActionMask = 2147483647;
			files = (
			);
			runOnlyForDeploymentPostprocessing = 0;
		};
/* End PBXFrameworksBuildPhase section */

/* Begin PBXGroup section */
		090469641FD73472000F326A = {
			isa = PBXGroup;
			children = (
				0904696F1FD73472000F326A /* Million Dollar Idea */,
				090469841FD73473000F326A /* Million Dollar IdeaTests */,
				0904698F1FD73473000F326A /* Million Dollar IdeaUITests */,
				0904696E1FD73472000F326A /* Products */,
			);
			sourceTree = "<group>";
		};
		0904696E1FD73472000F326A /* Products */ = {
			isa = PBXGroup;
			children = (
				0904696D1FD73472000F326A /* Million Dollar Idea.app */,
				090469811FD73472000F326A /* Million Dollar IdeaTests.xctest */,
				0904698C1FD73473000F326A /* Million Dollar IdeaUITests.xctest */,
			);
			name = Products;
			sourceTree = "<group>";
		};
		0904696F1FD73472000F326A /* Million Dollar Idea */ = {
			isa = PBXGroup;
			children = (
				090469701FD73472000F326A /* AppDelegate.swift */,
				090469721FD73472000F326A /* ViewController.swift */,
				090469741FD73472000F326A /* Main.storyboard */,
				090469771FD73472000F326A /* Assets.xcassets */,
				090469791FD73472000F326A /* LaunchScreen.storyboard */,
				0904697C1FD73472000F326A /* Info.plist */,
			);
			path = "Million Dollar Idea";
			sourceTree = "<group>";
		};
		090469841FD73473000F326A /* Million Dollar IdeaTests */ = {
			isa = PBXGroup;
			children = (
				090469851FD73473000F326A /* Million_Dollar_IdeaTests.swift */,
				090469871FD73473000F326A /* Info.plist */,
			);
			path = "Million Dollar IdeaTests";
			sourceTree = "<group>";
		};
		0904698F1FD73473000F326A /* Million Dollar IdeaUITests */ = {
			isa = PBXGroup;
			children = (
				090469901FD73473000F326A /* Million_Dollar_IdeaUITests.swift */,
				090469921FD73473000F326A /* Info.plist */,
			);
			path = "Million Dollar IdeaUITests";
			sourceTree = "<group>";
		};
/* End PBXGroup section */

/* Begin PBXNativeTarget section */
		0904696C1FD73472000F326A /* Million Dollar Idea */ = {
			isa = PBXNativeTarget;
			buildConfigurationList = 090469951FD73473000F326A /* Build configuration list for PBXNativeTarget "Million Dollar Idea" */;
			buildPhases = (
				090469691FD73472000F326A /* Sources */,
				0904696A1FD73472000F326A /* Frameworks */,
				0904696B1FD73472000F326A /* Resources */,
			);
			buildRules = (
			);
			dependencies = (
			);
			name = "Million Dollar Idea";
			productName = "Million Dollar Idea";
			productReference = 0904696D1FD73472000F326A /* Million Dollar Idea.app */;
			productType = "com.apple.product-type.application";
		};
		090469801FD73472000F326A /* Million Dollar IdeaTests */ = {
			isa = PBXNativeTarget;
			buildConfigurationList = 090469981FD73473000F326A /* Build configuration list for PBXNativeTarget "Million Dollar IdeaTests" */;
			buildPhases = (
				0904697D1FD73472000F326A /* Sources */,
				0904697E1FD73472000F326A /* Frameworks */,
				0904697F1FD73472000F326A /* Resources */,
			);
			buildRules = (
			);
			dependencies = (
				090469831FD73472000F326A /* PBXTargetDependency */,
			);
			name = "Million Dollar IdeaTests";
			productName = "Million Dollar IdeaTests";
			productReference = 090469811FD73472000F326A /* Million Dollar IdeaTests.xctest */;
			productType = "com.apple.product-type.bundle.unit-test";
		};
		0904698B1FD73473000F326A /* Million Dollar IdeaUITests */ = {
			isa = PBXNativeTarget;
			buildConfigurationList = 0904699B1FD73473000F326A /* Build configuration list for PBXNativeTarget "Million Dollar IdeaUITests" */;
			buildPhases = (
				090469881FD73473000F326A /* Sources */,
				090469891FD73473000F326A /* Frameworks */,
				0904698A1FD73473000F326A /* Resources */,
			);
			buildRules = (
			);
			dependencies = (
				0904698E1FD73473000F326A /* PBXTargetDependency */,
			);
			name = "Million Dollar IdeaUITests";
			productName = "Million Dollar IdeaUITests";
			productReference = 0904698C1FD73473000F326A /* Million Dollar IdeaUITests.xctest */;
			productType = "com.apple.product-type.bundle.ui-testing";
		};
/* End PBXNativeTarget section */

/* Begin PBXProject section */
		090469651FD73472000F326A /* Project object */ = {
			isa = PBXProject;
			attributes = {
				LastSwiftUpdateCheck = 0910;
				LastUpgradeCheck = 0910;
				ORGANIZATIONNAME = Ky;
				TargetAttributes = {
					0904696C1FD73472000F326A = {
						CreatedOnToolsVersion = 9.1;
						ProvisioningStyle = Automatic;
					};
					090469801FD73472000F326A = {
						CreatedOnToolsVersion = 9.1;
						ProvisioningStyle = Automatic;
						TestTargetID = 0904696C1FD73472000F326A;
					};
					0904698B1FD73473000F326A = {
						CreatedOnToolsVersion = 9.1;
						ProvisioningStyle = Automatic;
						TestTargetID = 0904696C1FD73472000F326A;
					};
				};
			};
			buildConfigurationList = 090469681FD73472000F326A /* Build configuration list for PBXProject "Million Dollar Idea" */;
			compatibilityVersion = "Xcode 8.0";
			developmentRegion = en;
			hasScannedForEncodings = 0;
			knownRegions = (
				en,
				Base,
			);
			mainGroup = 090469641FD73472000F326A;
			productRefGroup = 0904696E1FD73472000F326A /* Products */;
			projectDirPath = "";
			projectRoot = "";
			targets = (
				0904696C1FD73472000F326A /* Million Dollar Idea */,
				090469801FD73472000F326A /* Million Dollar IdeaTests */,
				0904698B1FD73473000F326A /* Million Dollar IdeaUITests */,
			);
		};
/* End PBXProject section */

/* Begin PBXResourcesBuildPhase section */
		0904696B1FD73472000F326A /* Resources */ = {
			isa = PBXResourcesBuildPhase;
			buildActionMask = 2147483647;
			files = (
				0904697B1FD73472000F326A /* LaunchScreen.storyboard in Resources */,
				090469781FD73472000F326A /* Assets.xcassets in Resources */,
				090469761FD73472000F326A /* Main.storyboard in Resources */,
			);
			runOnlyForDeploymentPostprocessing = 0;
		};
		0904697F1FD73472000F326A /* Resources */ = {
			isa = PBXResourcesBuildPhase;
			buildActionMask = 2147483647;
			files = (
			);
			runOnlyForDeploymentPostprocessing = 0;
		};
		0904698A1FD73473000F326A /* Resources */ = {
			isa = PBXResourcesBuildPhase;
			buildActionMask = 2147483647;
			files = (
			);
			runOnlyForDeploymentPostprocessing = 0;
		};
/* End PBXResourcesBuildPhase section */

/* Begin PBXSourcesBuildPhase section */
		090469691FD73472000F326A /* Sources */ = {
			isa = PBXSourcesBuildPhase;
			buildActionMask = 2147483647;
			files = (
				090469731FD73472000F326A /* ViewController.swift in Sources */,
				090469711FD73472000F326A /* AppDelegate.swift in Sources */,
			);
			runOnlyForDeploymentPostprocessing = 0;
		};
		0904697D1FD73472000F326A /* Sources */ = {
			isa = PBXSourcesBuildPhase;
			buildActionMask = 2147483647;
			files = (
				090469861FD73473000F326A /* Million_Dollar_IdeaTests.swift in Sources */,
			);
			runOnlyForDeploymentPostprocessing = 0;
		};
		090469881FD73473000F326A /* Sources */ = {
			isa = PBXSourcesBuildPhase;
			buildActionMask = 2147483647;
			files = (
				090469911FD73473000F326A /* Million_Dollar_IdeaUITests.swift in Sources */,
			);
			runOnlyForDeploymentPostprocessing = 0;
		};
/* End PBXSourcesBuildPhase section */

/* Begin PBXTargetDependency section */
		090469831FD73472000F326A /* PBXTargetDependency */ = {
			isa = PBXTargetDependency;
			target = 0904696C1FD73472000F326A /* Million Dollar Idea */;
			targetProxy = 090469821FD73472000F326A /* PBXContainerItemProxy */;
		};
		0904698E1FD73473000F326A /* PBXTargetDependency */ = {
			isa = PBXTargetDependency;
			target = 0904696C1FD73472000F326A /* Million Dollar Idea */;
			targetProxy = 0904698D1FD73473000F326A /* PBXContainerItemProxy */;
		};
/* End PBXTargetDependency section */

/* Begin PBXVariantGroup section */
		090469741FD73472000F326A /* Main.storyboard */ = {
			isa = PBXVariantGroup;
			children = (
				090469751FD73472000F326A /* Base */,
			);
			name = Main.storyboard;
			sourceTree = "<group>";
		};
		090469791FD73472000F326A /* LaunchScreen.storyboard */ = {
			isa = PBXVariantGroup;
			children = (
				0904697A1FD73472000F326A /* Base */,
			);
			name = LaunchScreen.storyboard;
			sourceTree = "<group>";
		};
/* End PBXVariantGroup section */

/* Begin XCBuildConfiguration section */
		090469931FD73473000F326A /* Debug */ = {
			isa = XCBuildConfiguration;
			buildSettings = {
				ALWAYS_SEARCH_USER_PATHS = NO;
				CLANG_ANALYZER_NONNULL = YES;
				CLANG_ANALYZER_NUMBER_OBJECT_CONVERSION = YES_AGGRESSIVE;
				CLANG_CXX_LANGUAGE_STANDARD = "gnu++14";
				CLANG_CXX_LIBRARY = "libc++";
				CLANG_ENABLE_MODULES = YES;
				CLANG_ENABLE_OBJC_ARC = YES;
				CLANG_WARN_BLOCK_CAPTURE_AUTORELEASING = YES;
				CLANG_WARN_BOOL_CONVERSION = YES;
				CLANG_WARN_COMMA = YES;
				CLANG_WARN_CONSTANT_CONVERSION = YES;
				CLANG_WARN_DIRECT_OBJC_ISA_USAGE = YES_ERROR;
				CLANG_WARN_DOCUMENTATION_COMMENTS = YES;
				CLANG_WARN_EMPTY_BODY = YES;
				CLANG_WARN_ENUM_CONVERSION = YES;
				CLANG_WARN_INFINITE_RECURSION = YES;
				CLANG_WARN_INT_CONVERSION = YES;
				CLANG_WARN_NON_LITERAL_NULL_CONVERSION = YES;
				CLANG_WARN_OBJC_LITERAL_CONVERSION = YES;
				CLANG_WARN_OBJC_ROOT_CLASS = YES_ERROR;
				CLANG_WARN_RANGE_LOOP_ANALYSIS = YES;
				CLANG_WARN_STRICT_PROTOTYPES = YES;
				CLANG_WARN_SUSPICIOUS_MOVE = YES;
				CLANG_WARN_UNGUARDED_AVAILABILITY = YES_AGGRESSIVE;
				CLANG_WARN_UNREACHABLE_CODE = YES;
				CLANG_WARN__DUPLICATE_METHOD_MATCH = YES;
				CODE_SIGN_IDENTITY = "iPhone Developer";
				COPY_PHASE_STRIP = NO;
				DEBUG_INFORMATION_FORMAT = dwarf;
				ENABLE_STRICT_OBJC_MSGSEND = YES;
				ENABLE_TESTABILITY = YES;
				GCC_C_LANGUAGE_STANDARD = gnu11;
				GCC_DYNAMIC_NO_PIC = NO;
				GCC_NO_COMMON_BLOCKS = YES;
				GCC_OPTIMIZATION_LEVEL = 0;
				GCC_PREPROCESSOR_DEFINITIONS = (
					"DEBUG=1",
					"$(inherited)",
				);
				GCC_WARN_64_TO_32_BIT_CONVERSION = YES;
				GCC_WARN_ABOUT_RETURN_TYPE = YES_ERROR;
				GCC_WARN_UNDECLARED_SELECTOR = YES;
				GCC_WARN_UNINITIALIZED_AUTOS = YES_AGGRESSIVE;
				GCC_WARN_UNUSED_FUNCTION = YES;
				GCC_WARN_UNUSED_VARIABLE = YES;
				IPHONEOS_DEPLOYMENT_TARGET = 11.1;
				MTL_ENABLE_DEBUG_INFO = YES;
				ONLY_ACTIVE_ARCH = YES;
				SDKROOT = iphoneos;
				SWIFT_ACTIVE_COMPILATION_CONDITIONS = DEBUG;
				SWIFT_OPTIMIZATION_LEVEL = "-Onone";
			};
			name = Debug;
		};
		090469941FD73473000F326A /* Release */ = {
			isa = XCBuildConfiguration;
			buildSettings = {
				ALWAYS_SEARCH_USER_PATHS = NO;
				CLANG_ANALYZER_NONNULL = YES;
				CLANG_ANALYZER_NUMBER_OBJECT_CONVERSION = YES_AGGRESSIVE;
				CLANG_CXX_LANGUAGE_STANDARD = "gnu++14";
				CLANG_CXX_LIBRARY = "libc++";
				CLANG_ENABLE_MODULES = YES;
				CLANG_ENABLE_OBJC_ARC = YES;
				CLANG_WARN_BLOCK_CAPTURE_AUTORELEASING = YES;
				CLANG_WARN_BOOL_CONVERSION = YES;
				CLANG_WARN_COMMA = YES;
				CLANG_WARN_CONSTANT_CONVERSION = YES;
				CLANG_WARN_DIRECT_OBJC_ISA_USAGE = YES_ERROR;
				CLANG_WARN_DOCUMENTATION_COMMENTS = YES;
				CLANG_WARN_EMPTY_BODY = YES;
				CLANG_WARN_ENUM_CONVERSION = YES;
				CLANG_WARN_INFINITE_RECURSION = YES;
				CLANG_WARN_INT_CONVERSION = YES;
				CLANG_WARN_NON_LITERAL_NULL_CONVERSION = YES;
				CLANG_WARN_OBJC_LITERAL_CONVERSION = YES;
				CLANG_WARN_OBJC_ROOT_CLASS = YES_ERROR;
				CLANG_WARN_RANGE_LOOP_ANALYSIS = YES;
				CLANG_WARN_STRICT_PROTOTYPES = YES;
				CLANG_WARN_SUSPICIOUS_MOVE = YES;
				CLANG_WARN_UNGUARDED_AVAILABILITY = YES_AGGRESSIVE;
				CLANG_WARN_UNREACHABLE_CODE = YES;
				CLANG_WARN__DUPLICATE_METHOD_MATCH = YES;
				CODE_SIGN_IDENTITY = "iPhone Developer";
				COPY_PHASE_STRIP = NO;
				DEBUG_INFORMATION_FORMAT = "dwarf-with-dsym";
				ENABLE_NS_ASSERTIONS = NO;
				ENABLE_STRICT_OBJC_MSGSEND = YES;
				GCC_C_LANGUAGE_STANDARD = gnu11;
				GCC_NO_COMMON_BLOCKS = YES;
				GCC_WARN_64_TO_32_BIT_CONVERSION = YES;
				GCC_WARN_ABOUT_RETURN_TYPE = YES_ERROR;
				GCC_WARN_UNDECLARED_SELECTOR = YES;
				GCC_WARN_UNINITIALIZED_AUTOS = YES_AGGRESSIVE;
				GCC_WARN_UNUSED_FUNCTION = YES;
				GCC_WARN_UNUSED_VARIABLE = YES;
				IPHONEOS_DEPLOYMENT_TARGET = 11.1;
				MTL_ENABLE_DEBUG_INFO = NO;
				SDKROOT = iphoneos;
				SWIFT_OPTIMIZATION_LEVEL = "-Owholemodule";
				VALIDATE_PRODUCT = YES;
			};
			name = Release;
		};
		090469961FD73473000F326A /* Debug */ = {
			isa = XCBuildConfiguration;
			buildSettings = {
				ASSETCATALOG_COMPILER_APPICON_NAME = AppIcon;
				CODE_SIGN_STYLE = Automatic;
				INFOPLIST_FILE = "Million Dollar Idea/Info.plist";
				LD_RUNPATH_SEARCH_PATHS = "$(inherited) @executable_path/Frameworks";
				PRODUCT_BUNDLE_IDENTIFIER = "com.MillionDollarIdea.Million-Dollar-Idea";
				PRODUCT_NAME = "$(TARGET_NAME)";
				SWIFT_VERSION = 4.0;
				TARGETED_DEVICE_FAMILY = "1,2";
			};
			name = Debug;
		};
		090469971FD73473000F326A /* Release */ = {
			isa = XCBuildConfiguration;
			buildSettings = {
				ASSETCATALOG_COMPILER_APPICON_NAME = AppIcon;
				CODE_SIGN_STYLE = Automatic;
				INFOPLIST_FILE = "Million Dollar Idea/Info.plist";
				LD_RUNPATH_SEARCH_PATHS = "$(inherited) @executable_path/Frameworks";
				PRODUCT_BUNDLE_IDENTIFIER = "com.MillionDollarIdea.Million-Dollar-Idea";
				PRODUCT_NAME = "$(TARGET_NAME)";
				SWIFT_VERSION = 4.0;
				TARGETED_DEVICE_FAMILY = "1,2";
			};
			name = Release;
		};
		090469991FD73473000F326A /* Debug */ = {
			isa = XCBuildConfiguration;
			buildSettings = {
				ALWAYS_EMBED_SWIFT_STANDARD_LIBRARIES = YES;
				BUNDLE_LOADER = "$(TEST_HOST)";
				CODE_SIGN_STYLE = Automatic;
				INFOPLIST_FILE = "Million Dollar IdeaTests/Info.plist";
				LD_RUNPATH_SEARCH_PATHS = "$(inherited) @executable_path/Frameworks @loader_path/Frameworks";
				PRODUCT_BUNDLE_IDENTIFIER = "com.MillionDollarIdea.Million-Dollar-IdeaTests";
				PRODUCT_NAME = "$(TARGET_NAME)";
				SWIFT_VERSION = 4.0;
				TARGETED_DEVICE_FAMILY = "1,2";
				TEST_HOST = "$(BUILT_PRODUCTS_DIR)/Million Dollar Idea.app/Million Dollar Idea";
			};
			name = Debug;
		};
		0904699A1FD73473000F326A /* Release */ = {
			isa = XCBuildConfiguration;
			buildSettings = {
				ALWAYS_EMBED_SWIFT_STANDARD_LIBRARIES = YES;
				BUNDLE_LOADER = "$(TEST_HOST)";
				CODE_SIGN_STYLE = Automatic;
				INFOPLIST_FILE = "Million Dollar IdeaTests/Info.plist";
				LD_RUNPATH_SEARCH_PATHS = "$(inherited) @executable_path/Frameworks @loader_path/Frameworks";
				PRODUCT_BUNDLE_IDENTIFIER = "com.MillionDollarIdea.Million-Dollar-IdeaTests";
				PRODUCT_NAME = "$(TARGET_NAME)";
				SWIFT_VERSION = 4.0;
				TARGETED_DEVICE_FAMILY = "1,2";
				TEST_HOST = "$(BUILT_PRODUCTS_DIR)/Million Dollar Idea.app/Million Dollar Idea";
			};
			name = Release;
		};
		0904699C1FD73473000F326A /* Debug */ = {
			isa = XCBuildConfiguration;
			buildSettings = {
				ALWAYS_EMBED_SWIFT_STANDARD_LIBRARIES = YES;
				CODE_SIGN_STYLE = Automatic;
				INFOPLIST_FILE = "Million Dollar IdeaUITests/Info.plist";
				LD_RUNPATH_SEARCH_PATHS = "$(inherited) @executable_path/Frameworks @loader_path/Frameworks";
				PRODUCT_BUNDLE_IDENTIFIER = "com.MillionDollarIdea.Million-Dollar-IdeaUITests";
				PRODUCT_NAME = "$(TARGET_NAME)";
				SWIFT_VERSION = 4.0;
				TARGETED_DEVICE_FAMILY = "1,2";
				TEST_TARGET_NAME = "Million Dollar Idea";
			};
			name = Debug;
		};
		0904699D1FD73473000F326A /* Release */ = {
			isa = XCBuildConfiguration;
			buildSettings = {
				ALWAYS_EMBED_SWIFT_STANDARD_LIBRARIES = YES;
				CODE_SIGN_STYLE = Automatic;
				INFOPLIST_FILE = "Million Dollar IdeaUITests/Info.plist";
				LD_RUNPATH_SEARCH_PATHS = "$(inherited) @executable_path/Frameworks @loader_path/Frameworks";
				PRODUCT_BUNDLE_IDENTIFIER = "com.MillionDollarIdea.Million-Dollar-IdeaUITests";
				PRODUCT_NAME = "$(TARGET_NAME)";
				SWIFT_VERSION = 4.0;
				TARGETED_DEVICE_FAMILY = "1,2";
				TEST_TARGET_NAME = "Million Dollar Idea";
			};
			name = Release;
		};
/* End XCBuildConfiguration section */

/* Begin XCConfigurationList section */
		090469681FD73472000F326A /* Build configuration list for PBXProject "Million Dollar Idea" */ = {
			isa = XCConfigurationList;
			buildConfigurations = (
				090469931FD73473000F326A /* Debug */,
				090469941FD73473000F326A /* Release */,
			);
			defaultConfigurationIsVisible = 0;
			defaultConfigurationName = Release;
		};
		090469951FD73473000F326A /* Build configuration list for PBXNativeTarget "Million Dollar Idea" */ = {
			isa = XCConfigurationList;
			buildConfigurations = (
				090469961FD73473000F326A /* Debug */,
				090469971FD73473000F326A /* Release */,
			);
			defaultConfigurationIsVisible = 0;
			defaultConfigurationName = Release;
		};
		090469981FD73473000F326A /* Build configuration list for PBXNativeTarget "Million Dollar IdeaTests" */ = {
			isa = XCConfigurationList;
			buildConfigurations = (
				090469991FD73473000F326A /* Debug */,
				0904699A1FD73473000F326A /* Release */,
			);
			defaultConfigurationIsVisible = 0;
			defaultConfigurationName = Release;
		};
		0904699B1FD73473000F326A /* Build configuration list for PBXNativeTarget "Million Dollar IdeaUITests" */ = {
			isa = XCConfigurationList;
			buildConfigurations = (
				0904699C1FD73473000F326A /* Debug */,
				0904699D1FD73473000F326A /* Release */,
			);
			defaultConfigurationIsVisible = 0;
			defaultConfigurationName = Release;
		};
/* End XCConfigurationList section */
	};
	rootObject = 090469651FD73472000F326A /* Project object */;
}
